// !$*UTF8*$!
{
	archiveVersion = 1;
	classes = {
	};
	objectVersion = 46;
	objects = {

/* Begin PBXBuildFile section */
		1526514A1A8DE1980089761C /* cssp-2015-02-09.json in Resources */ = {isa = PBXBuildFile; fileRef = 157C30DA1A8AFD90006E75E5 /* cssp-2015-02-09.json */; };
		1536203C1A835A4300C23D7E /* CSSPNetworking.m in Sources */ = {isa = PBXBuildFile; fileRef = 1536203B1A835A4300C23D7E /* CSSPNetworking.m */; };
		153F79961AB6817E000B9396 /* BFAppLink_Internal.h in CopyFiles */ = {isa = PBXBuildFile; fileRef = 153F79841AB6817E000B9396 /* BFAppLink_Internal.h */; };
		153F79971AB6817E000B9396 /* BFAppLink.h in CopyFiles */ = {isa = PBXBuildFile; fileRef = 153F79851AB6817E000B9396 /* BFAppLink.h */; };
		153F79981AB6817E000B9396 /* BFAppLinkNavigation.h in CopyFiles */ = {isa = PBXBuildFile; fileRef = 153F79861AB6817E000B9396 /* BFAppLinkNavigation.h */; };
		153F79991AB6817E000B9396 /* BFAppLinkResolving.h in CopyFiles */ = {isa = PBXBuildFile; fileRef = 153F79871AB6817E000B9396 /* BFAppLinkResolving.h */; };
		153F799A1AB6817E000B9396 /* BFAppLinkReturnToRefererController.h in CopyFiles */ = {isa = PBXBuildFile; fileRef = 153F79881AB6817E000B9396 /* BFAppLinkReturnToRefererController.h */; };
		153F799B1AB6817E000B9396 /* BFAppLinkReturnToRefererView_Internal.h in CopyFiles */ = {isa = PBXBuildFile; fileRef = 153F79891AB6817E000B9396 /* BFAppLinkReturnToRefererView_Internal.h */; };
		153F799C1AB6817E000B9396 /* BFAppLinkReturnToRefererView.h in CopyFiles */ = {isa = PBXBuildFile; fileRef = 153F798A1AB6817E000B9396 /* BFAppLinkReturnToRefererView.h */; };
		153F799D1AB6817E000B9396 /* BFAppLinkTarget.h in CopyFiles */ = {isa = PBXBuildFile; fileRef = 153F798B1AB6817E000B9396 /* BFAppLinkTarget.h */; };
		153F799E1AB6817E000B9396 /* BFExecutor.h in CopyFiles */ = {isa = PBXBuildFile; fileRef = 153F798C1AB6817E000B9396 /* BFExecutor.h */; };
		153F799F1AB6817E000B9396 /* BFMeasurementEvent_Internal.h in CopyFiles */ = {isa = PBXBuildFile; fileRef = 153F798D1AB6817E000B9396 /* BFMeasurementEvent_Internal.h */; };
		153F79A01AB6817E000B9396 /* BFMeasurementEvent.h in CopyFiles */ = {isa = PBXBuildFile; fileRef = 153F798E1AB6817E000B9396 /* BFMeasurementEvent.h */; };
		153F79A11AB6817E000B9396 /* BFTask.h in CopyFiles */ = {isa = PBXBuildFile; fileRef = 153F798F1AB6817E000B9396 /* BFTask.h */; };
		153F79A21AB6817E000B9396 /* BFTaskCompletionSource.h in CopyFiles */ = {isa = PBXBuildFile; fileRef = 153F79901AB6817E000B9396 /* BFTaskCompletionSource.h */; };
		153F79A31AB6817E000B9396 /* BFURL_Internal.h in CopyFiles */ = {isa = PBXBuildFile; fileRef = 153F79911AB6817E000B9396 /* BFURL_Internal.h */; };
		153F79A41AB6817E000B9396 /* BFURL.h in CopyFiles */ = {isa = PBXBuildFile; fileRef = 153F79921AB6817E000B9396 /* BFURL.h */; };
		153F79A51AB6817E000B9396 /* BFWebViewAppLinkResolver.h in CopyFiles */ = {isa = PBXBuildFile; fileRef = 153F79931AB6817E000B9396 /* BFWebViewAppLinkResolver.h */; };
		153F79A61AB6817E000B9396 /* Bolts.h in CopyFiles */ = {isa = PBXBuildFile; fileRef = 153F79941AB6817E000B9396 /* Bolts.h */; };
		153F79A71AB6817E000B9396 /* BoltsVersion.h in CopyFiles */ = {isa = PBXBuildFile; fileRef = 153F79951AB6817E000B9396 /* BoltsVersion.h */; };
		153F79BC1AB68288000B9396 /* EXTKeyPathCoding.h in CopyFiles */ = {isa = PBXBuildFile; fileRef = 153F79AB1AB68288000B9396 /* EXTKeyPathCoding.h */; };
		153F79BD1AB68288000B9396 /* EXTRuntimeExtensions.h in CopyFiles */ = {isa = PBXBuildFile; fileRef = 153F79AC1AB68288000B9396 /* EXTRuntimeExtensions.h */; };
		153F79BE1AB68288000B9396 /* EXTScope.h in CopyFiles */ = {isa = PBXBuildFile; fileRef = 153F79AD1AB68288000B9396 /* EXTScope.h */; };
		153F79BF1AB68288000B9396 /* Mantle.h in CopyFiles */ = {isa = PBXBuildFile; fileRef = 153F79AE1AB68288000B9396 /* Mantle.h */; };
		153F79C01AB68288000B9396 /* metamacros.h in CopyFiles */ = {isa = PBXBuildFile; fileRef = 153F79AF1AB68288000B9396 /* metamacros.h */; };
		153F79C11AB68288000B9396 /* MTLJSONAdapter.h in CopyFiles */ = {isa = PBXBuildFile; fileRef = 153F79B01AB68288000B9396 /* MTLJSONAdapter.h */; };
		153F79C21AB68288000B9396 /* MTLManagedObjectAdapter.h in CopyFiles */ = {isa = PBXBuildFile; fileRef = 153F79B11AB68288000B9396 /* MTLManagedObjectAdapter.h */; };
		153F79C31AB68288000B9396 /* MTLModel.h in CopyFiles */ = {isa = PBXBuildFile; fileRef = 153F79B21AB68288000B9396 /* MTLModel.h */; };
		153F79C41AB68288000B9396 /* MTLModel+NSCoding.h in CopyFiles */ = {isa = PBXBuildFile; fileRef = 153F79B31AB68288000B9396 /* MTLModel+NSCoding.h */; };
		153F79C51AB68288000B9396 /* MTLReflection.h in CopyFiles */ = {isa = PBXBuildFile; fileRef = 153F79B41AB68288000B9396 /* MTLReflection.h */; };
		153F79C61AB68288000B9396 /* MTLValueTransformer.h in CopyFiles */ = {isa = PBXBuildFile; fileRef = 153F79B51AB68288000B9396 /* MTLValueTransformer.h */; };
		153F79C71AB68288000B9396 /* NSArray+MTLManipulationAdditions.h in CopyFiles */ = {isa = PBXBuildFile; fileRef = 153F79B61AB68288000B9396 /* NSArray+MTLManipulationAdditions.h */; };
		153F79C81AB68288000B9396 /* NSDictionary+MTLManipulationAdditions.h in CopyFiles */ = {isa = PBXBuildFile; fileRef = 153F79B71AB68288000B9396 /* NSDictionary+MTLManipulationAdditions.h */; };
		153F79C91AB68288000B9396 /* NSError+MTLModelException.h in CopyFiles */ = {isa = PBXBuildFile; fileRef = 153F79B81AB68288000B9396 /* NSError+MTLModelException.h */; };
		153F79CA1AB68288000B9396 /* NSObject+MTLComparisonAdditions.h in CopyFiles */ = {isa = PBXBuildFile; fileRef = 153F79B91AB68288000B9396 /* NSObject+MTLComparisonAdditions.h */; };
		153F79CB1AB68288000B9396 /* NSValueTransformer+MTLInversionAdditions.h in CopyFiles */ = {isa = PBXBuildFile; fileRef = 153F79BA1AB68288000B9396 /* NSValueTransformer+MTLInversionAdditions.h */; };
		153F79CC1AB68288000B9396 /* NSValueTransformer+MTLPredefinedTransformerAdditions.h in CopyFiles */ = {isa = PBXBuildFile; fileRef = 153F79BB1AB68288000B9396 /* NSValueTransformer+MTLPredefinedTransformerAdditions.h */; };
		153F79CE1AB682FC000B9396 /* XMLDictionary.h in CopyFiles */ = {isa = PBXBuildFile; fileRef = 153F79CD1AB682FC000B9396 /* XMLDictionary.h */; };
		154478261AB2E22C003B58BF /* CSSP.h in CopyFiles */ = {isa = PBXBuildFile; fileRef = 15501C081A768BB40040E0FE /* CSSP.h */; };
		154478271AB2E22C003B58BF /* CSSPModule.h in CopyFiles */ = {isa = PBXBuildFile; fileRef = 15E4348A1A82165800218C8A /* CSSPModule.h */; };
		154478281AB2E22C003B58BF /* CSSPCredentialsProvider.h in CopyFiles */ = {isa = PBXBuildFile; fileRef = 154D05051A84B8AA00DE3513 /* CSSPCredentialsProvider.h */; };
		154478291AB2E22C003B58BF /* CSSPSignature.h in CopyFiles */ = {isa = PBXBuildFile; fileRef = 154D05081A84BA4C00DE3513 /* CSSPSignature.h */; };
		1544782A1AB2E22C003B58BF /* CSSPNetworking.h in CopyFiles */ = {isa = PBXBuildFile; fileRef = 1536203A1A835A4300C23D7E /* CSSPNetworking.h */; };
		1544782B1AB2E22C003B58BF /* CSSPURLSessionManager.h in CopyFiles */ = {isa = PBXBuildFile; fileRef = 159B4B681A83BC410064DCB0 /* CSSPURLSessionManager.h */; };
		1544782C1AB2E22C003B58BF /* CSSPSerialization.h in CopyFiles */ = {isa = PBXBuildFile; fileRef = 154A32921A85AFBD0014C99A /* CSSPSerialization.h */; };
		1544782D1AB2E22C003B58BF /* CSSPURLRequestSerialization.h in CopyFiles */ = {isa = PBXBuildFile; fileRef = 154A32951A85BC290014C99A /* CSSPURLRequestSerialization.h */; };
		1544782E1AB2E22C003B58BF /* CSSPURLResponseSerialization.h in CopyFiles */ = {isa = PBXBuildFile; fileRef = 154A329C1A8606090014C99A /* CSSPURLResponseSerialization.h */; };
		1544782F1AB2E22C003B58BF /* CSSPSynchronizedMutableDictionary.h in CopyFiles */ = {isa = PBXBuildFile; fileRef = 159B4B6C1A83BD740064DCB0 /* CSSPSynchronizedMutableDictionary.h */; };
		154478301AB2E22C003B58BF /* CSSPCategory.h in CopyFiles */ = {isa = PBXBuildFile; fileRef = 154D04FB1A84AECF00DE3513 /* CSSPCategory.h */; };
		154478311AB2E22C003B58BF /* CSSPLogging.h in CopyFiles */ = {isa = PBXBuildFile; fileRef = 154D04FE1A84B37400DE3513 /* CSSPLogging.h */; };
		154478321AB2E22C003B58BF /* CSSPModel.h in CopyFiles */ = {isa = PBXBuildFile; fileRef = 154D05011A84B66400DE3513 /* CSSPModel.h */; };
		154478331AB2E22C003B58BF /* CSSPXMLWriter.h in CopyFiles */ = {isa = PBXBuildFile; fileRef = 154A32991A8602020014C99A /* CSSPXMLWriter.h */; };
		154478351AB2E2F9003B58BF /* Info.plist in CopyFiles */ = {isa = PBXBuildFile; fileRef = 15501C161A768BB40040E0FE /* Info.plist */; };
		154A32941A85AFBD0014C99A /* CSSPSerialization.m in Sources */ = {isa = PBXBuildFile; fileRef = 154A32931A85AFBD0014C99A /* CSSPSerialization.m */; };
		154A32971A85BC290014C99A /* CSSPURLRequestSerialization.m in Sources */ = {isa = PBXBuildFile; fileRef = 154A32961A85BC290014C99A /* CSSPURLRequestSerialization.m */; };
		154A329B1A8602270014C99A /* CSSPXMLWriter.m in Sources */ = {isa = PBXBuildFile; fileRef = 154A329A1A8602270014C99A /* CSSPXMLWriter.m */; };
		154A329E1A8606090014C99A /* CSSPURLResponseSerialization.m in Sources */ = {isa = PBXBuildFile; fileRef = 154A329D1A8606090014C99A /* CSSPURLResponseSerialization.m */; };
		154D04FD1A84AECF00DE3513 /* CSSPCategory.m in Sources */ = {isa = PBXBuildFile; fileRef = 154D04FC1A84AECF00DE3513 /* CSSPCategory.m */; };
		154D05001A84B37400DE3513 /* CSSPLogging.m in Sources */ = {isa = PBXBuildFile; fileRef = 154D04FF1A84B37400DE3513 /* CSSPLogging.m */; };
		154D05031A84B66400DE3513 /* CSSPModel.m in Sources */ = {isa = PBXBuildFile; fileRef = 154D05021A84B66400DE3513 /* CSSPModel.m */; };
		154D05071A84B8AA00DE3513 /* CSSPCredentialsProvider.m in Sources */ = {isa = PBXBuildFile; fileRef = 154D05061A84B8AA00DE3513 /* CSSPCredentialsProvider.m */; };
		154D050A1A84BA4C00DE3513 /* CSSPSignature.m in Sources */ = {isa = PBXBuildFile; fileRef = 154D05091A84BA4C00DE3513 /* CSSPSignature.m */; };
		15501C0B1A768BB40040E0FE /* CSSP.m in Sources */ = {isa = PBXBuildFile; fileRef = 15501C0A1A768BB40040E0FE /* CSSP.m */; };
		15501C111A768BB40040E0FE /* libCSSPiOSSDK.a in Frameworks */ = {isa = PBXBuildFile; fileRef = 15501C051A768BB40040E0FE /* libCSSPiOSSDK.a */; };
		159B4B6A1A83BC410064DCB0 /* CSSPURLSessionManager.m in Sources */ = {isa = PBXBuildFile; fileRef = 159B4B691A83BC410064DCB0 /* CSSPURLSessionManager.m */; };
		159B4B6E1A83BD740064DCB0 /* CSSPSynchronizedMutableDictionary.m in Sources */ = {isa = PBXBuildFile; fileRef = 159B4B6D1A83BD740064DCB0 /* CSSPSynchronizedMutableDictionary.m */; };
		15DE7E661A8C8A8400947888 /* CSSPTest.m in Sources */ = {isa = PBXBuildFile; fileRef = 157C30DD1A8AFF1C006E75E5 /* CSSPTest.m */; };
		15E4348C1A82165800218C8A /* CSSPModule.m in Sources */ = {isa = PBXBuildFile; fileRef = 15E4348B1A82165800218C8A /* CSSPModule.m */; };
		15EAD0881A8C51C300D2152B /* Foundation.framework in Frameworks */ = {isa = PBXBuildFile; fileRef = 15EAD0871A8C51C300D2152B /* Foundation.framework */; };
		7832B8946256270695B14FF7 /* libPods.a in Frameworks */ = {isa = PBXBuildFile; fileRef = 831C2BCEF358DB7E7B12C810 /* libPods.a */; };
/* End PBXBuildFile section */

/* Begin PBXContainerItemProxy section */
		15501C121A768BB40040E0FE /* PBXContainerItemProxy */ = {
			isa = PBXContainerItemProxy;
			containerPortal = 15501BFD1A768BB40040E0FE /* Project object */;
			proxyType = 1;
			remoteGlobalIDString = 15501C041A768BB40040E0FE;
			remoteInfo = CSSPiOSSDK;
		};
/* End PBXContainerItemProxy section */

/* Begin PBXCopyFilesBuildPhase section */
		154478251AB2E1F1003B58BF /* CopyFiles */ = {
			isa = PBXCopyFilesBuildPhase;
			buildActionMask = 2147483647;
			dstPath = Headers;
			dstSubfolderSpec = 16;
			files = (
				153F79CE1AB682FC000B9396 /* XMLDictionary.h in CopyFiles */,
				153F79BC1AB68288000B9396 /* EXTKeyPathCoding.h in CopyFiles */,
				153F79BD1AB68288000B9396 /* EXTRuntimeExtensions.h in CopyFiles */,
				153F79BE1AB68288000B9396 /* EXTScope.h in CopyFiles */,
				153F79BF1AB68288000B9396 /* Mantle.h in CopyFiles */,
				153F79C01AB68288000B9396 /* metamacros.h in CopyFiles */,
				153F79C11AB68288000B9396 /* MTLJSONAdapter.h in CopyFiles */,
				153F79C21AB68288000B9396 /* MTLManagedObjectAdapter.h in CopyFiles */,
				153F79C31AB68288000B9396 /* MTLModel.h in CopyFiles */,
				153F79C41AB68288000B9396 /* MTLModel+NSCoding.h in CopyFiles */,
				153F79C51AB68288000B9396 /* MTLReflection.h in CopyFiles */,
				153F79C61AB68288000B9396 /* MTLValueTransformer.h in CopyFiles */,
				153F79C71AB68288000B9396 /* NSArray+MTLManipulationAdditions.h in CopyFiles */,
				153F79C81AB68288000B9396 /* NSDictionary+MTLManipulationAdditions.h in CopyFiles */,
				153F79C91AB68288000B9396 /* NSError+MTLModelException.h in CopyFiles */,
				153F79CA1AB68288000B9396 /* NSObject+MTLComparisonAdditions.h in CopyFiles */,
				153F79CB1AB68288000B9396 /* NSValueTransformer+MTLInversionAdditions.h in CopyFiles */,
				153F79CC1AB68288000B9396 /* NSValueTransformer+MTLPredefinedTransformerAdditions.h in CopyFiles */,
				153F79961AB6817E000B9396 /* BFAppLink_Internal.h in CopyFiles */,
				153F79971AB6817E000B9396 /* BFAppLink.h in CopyFiles */,
				153F79981AB6817E000B9396 /* BFAppLinkNavigation.h in CopyFiles */,
				153F79991AB6817E000B9396 /* BFAppLinkResolving.h in CopyFiles */,
				153F799A1AB6817E000B9396 /* BFAppLinkReturnToRefererController.h in CopyFiles */,
				153F799B1AB6817E000B9396 /* BFAppLinkReturnToRefererView_Internal.h in CopyFiles */,
				153F799C1AB6817E000B9396 /* BFAppLinkReturnToRefererView.h in CopyFiles */,
				153F799D1AB6817E000B9396 /* BFAppLinkTarget.h in CopyFiles */,
				153F799E1AB6817E000B9396 /* BFExecutor.h in CopyFiles */,
				153F799F1AB6817E000B9396 /* BFMeasurementEvent_Internal.h in CopyFiles */,
				153F79A01AB6817E000B9396 /* BFMeasurementEvent.h in CopyFiles */,
				153F79A11AB6817E000B9396 /* BFTask.h in CopyFiles */,
				153F79A21AB6817E000B9396 /* BFTaskCompletionSource.h in CopyFiles */,
				153F79A31AB6817E000B9396 /* BFURL_Internal.h in CopyFiles */,
				153F79A41AB6817E000B9396 /* BFURL.h in CopyFiles */,
				153F79A51AB6817E000B9396 /* BFWebViewAppLinkResolver.h in CopyFiles */,
				153F79A61AB6817E000B9396 /* Bolts.h in CopyFiles */,
				153F79A71AB6817E000B9396 /* BoltsVersion.h in CopyFiles */,
				154478261AB2E22C003B58BF /* CSSP.h in CopyFiles */,
				154478271AB2E22C003B58BF /* CSSPModule.h in CopyFiles */,
				154478281AB2E22C003B58BF /* CSSPCredentialsProvider.h in CopyFiles */,
				154478291AB2E22C003B58BF /* CSSPSignature.h in CopyFiles */,
				1544782A1AB2E22C003B58BF /* CSSPNetworking.h in CopyFiles */,
				1544782B1AB2E22C003B58BF /* CSSPURLSessionManager.h in CopyFiles */,
				1544782C1AB2E22C003B58BF /* CSSPSerialization.h in CopyFiles */,
				1544782D1AB2E22C003B58BF /* CSSPURLRequestSerialization.h in CopyFiles */,
				1544782E1AB2E22C003B58BF /* CSSPURLResponseSerialization.h in CopyFiles */,
				1544782F1AB2E22C003B58BF /* CSSPSynchronizedMutableDictionary.h in CopyFiles */,
				154478301AB2E22C003B58BF /* CSSPCategory.h in CopyFiles */,
				154478311AB2E22C003B58BF /* CSSPLogging.h in CopyFiles */,
				154478321AB2E22C003B58BF /* CSSPModel.h in CopyFiles */,
				154478331AB2E22C003B58BF /* CSSPXMLWriter.h in CopyFiles */,
			);
			runOnlyForDeploymentPostprocessing = 0;
		};
		154478341AB2E284003B58BF /* CopyFiles */ = {
			isa = PBXCopyFilesBuildPhase;
			buildActionMask = 2147483647;
			dstPath = "";
			dstSubfolderSpec = 7;
			files = (
			);
			runOnlyForDeploymentPostprocessing = 0;
		};
		15501C031A768BB40040E0FE /* CopyFiles */ = {
			isa = PBXCopyFilesBuildPhase;
			buildActionMask = 2147483647;
			dstPath = Resources;
			dstSubfolderSpec = 7;
			files = (
				154478351AB2E2F9003B58BF /* Info.plist in CopyFiles */,
			);
			runOnlyForDeploymentPostprocessing = 0;
		};
/* End PBXCopyFilesBuildPhase section */

/* Begin PBXFileReference section */
		1536203A1A835A4300C23D7E /* CSSPNetworking.h */ = {isa = PBXFileReference; fileEncoding = 4; lastKnownFileType = sourcecode.c.h; path = CSSPNetworking.h; sourceTree = "<group>"; };
		1536203B1A835A4300C23D7E /* CSSPNetworking.m */ = {isa = PBXFileReference; fileEncoding = 4; lastKnownFileType = sourcecode.c.objc; path = CSSPNetworking.m; sourceTree = "<group>"; };
		153F79841AB6817E000B9396 /* BFAppLink_Internal.h */ = {isa = PBXFileReference; lastKnownFileType = sourcecode.c.h; name = BFAppLink_Internal.h; path = Pods/Bolts/Bolts/iOS/BFAppLink_Internal.h; sourceTree = "<group>"; };
		153F79851AB6817E000B9396 /* BFAppLink.h */ = {isa = PBXFileReference; lastKnownFileType = sourcecode.c.h; name = BFAppLink.h; path = Pods/Bolts/Bolts/iOS/BFAppLink.h; sourceTree = "<group>"; };
		153F79861AB6817E000B9396 /* BFAppLinkNavigation.h */ = {isa = PBXFileReference; lastKnownFileType = sourcecode.c.h; name = BFAppLinkNavigation.h; path = Pods/Bolts/Bolts/iOS/BFAppLinkNavigation.h; sourceTree = "<group>"; };
		153F79871AB6817E000B9396 /* BFAppLinkResolving.h */ = {isa = PBXFileReference; lastKnownFileType = sourcecode.c.h; name = BFAppLinkResolving.h; path = Pods/Bolts/Bolts/iOS/BFAppLinkResolving.h; sourceTree = "<group>"; };
		153F79881AB6817E000B9396 /* BFAppLinkReturnToRefererController.h */ = {isa = PBXFileReference; lastKnownFileType = sourcecode.c.h; name = BFAppLinkReturnToRefererController.h; path = Pods/Bolts/Bolts/iOS/BFAppLinkReturnToRefererController.h; sourceTree = "<group>"; };
		153F79891AB6817E000B9396 /* BFAppLinkReturnToRefererView_Internal.h */ = {isa = PBXFileReference; lastKnownFileType = sourcecode.c.h; name = BFAppLinkReturnToRefererView_Internal.h; path = Pods/Bolts/Bolts/iOS/BFAppLinkReturnToRefererView_Internal.h; sourceTree = "<group>"; };
		153F798A1AB6817E000B9396 /* BFAppLinkReturnToRefererView.h */ = {isa = PBXFileReference; lastKnownFileType = sourcecode.c.h; name = BFAppLinkReturnToRefererView.h; path = Pods/Bolts/Bolts/iOS/BFAppLinkReturnToRefererView.h; sourceTree = "<group>"; };
		153F798B1AB6817E000B9396 /* BFAppLinkTarget.h */ = {isa = PBXFileReference; lastKnownFileType = sourcecode.c.h; name = BFAppLinkTarget.h; path = Pods/Bolts/Bolts/iOS/BFAppLinkTarget.h; sourceTree = "<group>"; };
		153F798C1AB6817E000B9396 /* BFExecutor.h */ = {isa = PBXFileReference; lastKnownFileType = sourcecode.c.h; name = BFExecutor.h; path = Pods/Bolts/Bolts/Common/BFExecutor.h; sourceTree = "<group>"; };
		153F798D1AB6817E000B9396 /* BFMeasurementEvent_Internal.h */ = {isa = PBXFileReference; lastKnownFileType = sourcecode.c.h; name = BFMeasurementEvent_Internal.h; path = Pods/Bolts/Bolts/iOS/BFMeasurementEvent_Internal.h; sourceTree = "<group>"; };
		153F798E1AB6817E000B9396 /* BFMeasurementEvent.h */ = {isa = PBXFileReference; lastKnownFileType = sourcecode.c.h; name = BFMeasurementEvent.h; path = Pods/Bolts/Bolts/iOS/BFMeasurementEvent.h; sourceTree = "<group>"; };
		153F798F1AB6817E000B9396 /* BFTask.h */ = {isa = PBXFileReference; lastKnownFileType = sourcecode.c.h; name = BFTask.h; path = Pods/Bolts/Bolts/Common/BFTask.h; sourceTree = "<group>"; };
		153F79901AB6817E000B9396 /* BFTaskCompletionSource.h */ = {isa = PBXFileReference; lastKnownFileType = sourcecode.c.h; name = BFTaskCompletionSource.h; path = Pods/Bolts/Bolts/Common/BFTaskCompletionSource.h; sourceTree = "<group>"; };
		153F79911AB6817E000B9396 /* BFURL_Internal.h */ = {isa = PBXFileReference; lastKnownFileType = sourcecode.c.h; name = BFURL_Internal.h; path = Pods/Bolts/Bolts/iOS/BFURL_Internal.h; sourceTree = "<group>"; };
		153F79921AB6817E000B9396 /* BFURL.h */ = {isa = PBXFileReference; lastKnownFileType = sourcecode.c.h; name = BFURL.h; path = Pods/Bolts/Bolts/iOS/BFURL.h; sourceTree = "<group>"; };
		153F79931AB6817E000B9396 /* BFWebViewAppLinkResolver.h */ = {isa = PBXFileReference; lastKnownFileType = sourcecode.c.h; name = BFWebViewAppLinkResolver.h; path = Pods/Bolts/Bolts/iOS/BFWebViewAppLinkResolver.h; sourceTree = "<group>"; };
		153F79941AB6817E000B9396 /* Bolts.h */ = {isa = PBXFileReference; lastKnownFileType = sourcecode.c.h; name = Bolts.h; path = Pods/Bolts/Bolts/Common/Bolts.h; sourceTree = "<group>"; };
		153F79951AB6817E000B9396 /* BoltsVersion.h */ = {isa = PBXFileReference; lastKnownFileType = sourcecode.c.h; name = BoltsVersion.h; path = Pods/Bolts/Bolts/Common/BoltsVersion.h; sourceTree = "<group>"; };
		153F79AB1AB68288000B9396 /* EXTKeyPathCoding.h */ = {isa = PBXFileReference; lastKnownFileType = sourcecode.c.h; name = EXTKeyPathCoding.h; path = Pods/Mantle/Mantle/extobjc/EXTKeyPathCoding.h; sourceTree = "<group>"; };
		153F79AC1AB68288000B9396 /* EXTRuntimeExtensions.h */ = {isa = PBXFileReference; lastKnownFileType = sourcecode.c.h; name = EXTRuntimeExtensions.h; path = Pods/Mantle/Mantle/extobjc/EXTRuntimeExtensions.h; sourceTree = "<group>"; };
		153F79AD1AB68288000B9396 /* EXTScope.h */ = {isa = PBXFileReference; lastKnownFileType = sourcecode.c.h; name = EXTScope.h; path = Pods/Mantle/Mantle/extobjc/EXTScope.h; sourceTree = "<group>"; };
		153F79AE1AB68288000B9396 /* Mantle.h */ = {isa = PBXFileReference; lastKnownFileType = sourcecode.c.h; name = Mantle.h; path = Pods/Mantle/Mantle/Mantle.h; sourceTree = "<group>"; };
		153F79AF1AB68288000B9396 /* metamacros.h */ = {isa = PBXFileReference; lastKnownFileType = sourcecode.c.h; name = metamacros.h; path = Pods/Mantle/Mantle/extobjc/metamacros.h; sourceTree = "<group>"; };
		153F79B01AB68288000B9396 /* MTLJSONAdapter.h */ = {isa = PBXFileReference; lastKnownFileType = sourcecode.c.h; name = MTLJSONAdapter.h; path = Pods/Mantle/Mantle/MTLJSONAdapter.h; sourceTree = "<group>"; };
		153F79B11AB68288000B9396 /* MTLManagedObjectAdapter.h */ = {isa = PBXFileReference; lastKnownFileType = sourcecode.c.h; name = MTLManagedObjectAdapter.h; path = Pods/Mantle/Mantle/MTLManagedObjectAdapter.h; sourceTree = "<group>"; };
		153F79B21AB68288000B9396 /* MTLModel.h */ = {isa = PBXFileReference; lastKnownFileType = sourcecode.c.h; name = MTLModel.h; path = Pods/Mantle/Mantle/MTLModel.h; sourceTree = "<group>"; };
		153F79B31AB68288000B9396 /* MTLModel+NSCoding.h */ = {isa = PBXFileReference; lastKnownFileType = sourcecode.c.h; name = "MTLModel+NSCoding.h"; path = "Pods/Mantle/Mantle/MTLModel+NSCoding.h"; sourceTree = "<group>"; };
		153F79B41AB68288000B9396 /* MTLReflection.h */ = {isa = PBXFileReference; lastKnownFileType = sourcecode.c.h; name = MTLReflection.h; path = Pods/Mantle/Mantle/MTLReflection.h; sourceTree = "<group>"; };
		153F79B51AB68288000B9396 /* MTLValueTransformer.h */ = {isa = PBXFileReference; lastKnownFileType = sourcecode.c.h; name = MTLValueTransformer.h; path = Pods/Mantle/Mantle/MTLValueTransformer.h; sourceTree = "<group>"; };
		153F79B61AB68288000B9396 /* NSArray+MTLManipulationAdditions.h */ = {isa = PBXFileReference; lastKnownFileType = sourcecode.c.h; name = "NSArray+MTLManipulationAdditions.h"; path = "Pods/Mantle/Mantle/NSArray+MTLManipulationAdditions.h"; sourceTree = "<group>"; };
		153F79B71AB68288000B9396 /* NSDictionary+MTLManipulationAdditions.h */ = {isa = PBXFileReference; lastKnownFileType = sourcecode.c.h; name = "NSDictionary+MTLManipulationAdditions.h"; path = "Pods/Mantle/Mantle/NSDictionary+MTLManipulationAdditions.h"; sourceTree = "<group>"; };
		153F79B81AB68288000B9396 /* NSError+MTLModelException.h */ = {isa = PBXFileReference; lastKnownFileType = sourcecode.c.h; name = "NSError+MTLModelException.h"; path = "Pods/Mantle/Mantle/NSError+MTLModelException.h"; sourceTree = "<group>"; };
		153F79B91AB68288000B9396 /* NSObject+MTLComparisonAdditions.h */ = {isa = PBXFileReference; lastKnownFileType = sourcecode.c.h; name = "NSObject+MTLComparisonAdditions.h"; path = "Pods/Mantle/Mantle/NSObject+MTLComparisonAdditions.h"; sourceTree = "<group>"; };
		153F79BA1AB68288000B9396 /* NSValueTransformer+MTLInversionAdditions.h */ = {isa = PBXFileReference; lastKnownFileType = sourcecode.c.h; name = "NSValueTransformer+MTLInversionAdditions.h"; path = "Pods/Mantle/Mantle/NSValueTransformer+MTLInversionAdditions.h"; sourceTree = "<group>"; };
		153F79BB1AB68288000B9396 /* NSValueTransformer+MTLPredefinedTransformerAdditions.h */ = {isa = PBXFileReference; lastKnownFileType = sourcecode.c.h; name = "NSValueTransformer+MTLPredefinedTransformerAdditions.h"; path = "Pods/Mantle/Mantle/NSValueTransformer+MTLPredefinedTransformerAdditions.h"; sourceTree = "<group>"; };
		153F79CD1AB682FC000B9396 /* XMLDictionary.h */ = {isa = PBXFileReference; lastKnownFileType = sourcecode.c.h; name = XMLDictionary.h; path = Pods/XMLDictionary/XMLDictionary/XMLDictionary.h; sourceTree = "<group>"; };
		154A32921A85AFBD0014C99A /* CSSPSerialization.h */ = {isa = PBXFileReference; fileEncoding = 4; lastKnownFileType = sourcecode.c.h; path = CSSPSerialization.h; sourceTree = "<group>"; };
		154A32931A85AFBD0014C99A /* CSSPSerialization.m */ = {isa = PBXFileReference; fileEncoding = 4; lastKnownFileType = sourcecode.c.objc; path = CSSPSerialization.m; sourceTree = "<group>"; };
		154A32951A85BC290014C99A /* CSSPURLRequestSerialization.h */ = {isa = PBXFileReference; fileEncoding = 4; lastKnownFileType = sourcecode.c.h; path = CSSPURLRequestSerialization.h; sourceTree = "<group>"; };
		154A32961A85BC290014C99A /* CSSPURLRequestSerialization.m */ = {isa = PBXFileReference; fileEncoding = 4; lastKnownFileType = sourcecode.c.objc; path = CSSPURLRequestSerialization.m; sourceTree = "<group>"; };
		154A32991A8602020014C99A /* CSSPXMLWriter.h */ = {isa = PBXFileReference; lastKnownFileType = sourcecode.c.h; path = CSSPXMLWriter.h; sourceTree = "<group>"; };
		154A329A1A8602270014C99A /* CSSPXMLWriter.m */ = {isa = PBXFileReference; fileEncoding = 4; lastKnownFileType = sourcecode.c.objc; path = CSSPXMLWriter.m; sourceTree = "<group>"; };
		154A329C1A8606090014C99A /* CSSPURLResponseSerialization.h */ = {isa = PBXFileReference; fileEncoding = 4; lastKnownFileType = sourcecode.c.h; path = CSSPURLResponseSerialization.h; sourceTree = "<group>"; };
		154A329D1A8606090014C99A /* CSSPURLResponseSerialization.m */ = {isa = PBXFileReference; fileEncoding = 4; lastKnownFileType = sourcecode.c.objc; path = CSSPURLResponseSerialization.m; sourceTree = "<group>"; };
		154D04FB1A84AECF00DE3513 /* CSSPCategory.h */ = {isa = PBXFileReference; fileEncoding = 4; lastKnownFileType = sourcecode.c.h; path = CSSPCategory.h; sourceTree = "<group>"; };
		154D04FC1A84AECF00DE3513 /* CSSPCategory.m */ = {isa = PBXFileReference; fileEncoding = 4; lastKnownFileType = sourcecode.c.objc; path = CSSPCategory.m; sourceTree = "<group>"; };
		154D04FE1A84B37400DE3513 /* CSSPLogging.h */ = {isa = PBXFileReference; fileEncoding = 4; lastKnownFileType = sourcecode.c.h; path = CSSPLogging.h; sourceTree = "<group>"; };
		154D04FF1A84B37400DE3513 /* CSSPLogging.m */ = {isa = PBXFileReference; fileEncoding = 4; lastKnownFileType = sourcecode.c.objc; path = CSSPLogging.m; sourceTree = "<group>"; };
		154D05011A84B66400DE3513 /* CSSPModel.h */ = {isa = PBXFileReference; fileEncoding = 4; lastKnownFileType = sourcecode.c.h; path = CSSPModel.h; sourceTree = "<group>"; };
		154D05021A84B66400DE3513 /* CSSPModel.m */ = {isa = PBXFileReference; fileEncoding = 4; lastKnownFileType = sourcecode.c.objc; path = CSSPModel.m; sourceTree = "<group>"; };
		154D05051A84B8AA00DE3513 /* CSSPCredentialsProvider.h */ = {isa = PBXFileReference; fileEncoding = 4; lastKnownFileType = sourcecode.c.h; path = CSSPCredentialsProvider.h; sourceTree = "<group>"; };
		154D05061A84B8AA00DE3513 /* CSSPCredentialsProvider.m */ = {isa = PBXFileReference; fileEncoding = 4; lastKnownFileType = sourcecode.c.objc; path = CSSPCredentialsProvider.m; sourceTree = "<group>"; };
		154D05081A84BA4C00DE3513 /* CSSPSignature.h */ = {isa = PBXFileReference; fileEncoding = 4; lastKnownFileType = sourcecode.c.h; path = CSSPSignature.h; sourceTree = "<group>"; };
		154D05091A84BA4C00DE3513 /* CSSPSignature.m */ = {isa = PBXFileReference; fileEncoding = 4; lastKnownFileType = sourcecode.c.objc; path = CSSPSignature.m; sourceTree = "<group>"; };
		15501C051A768BB40040E0FE /* libCSSPiOSSDK.a */ = {isa = PBXFileReference; explicitFileType = archive.ar; includeInIndex = 0; path = libCSSPiOSSDK.a; sourceTree = BUILT_PRODUCTS_DIR; };
		15501C081A768BB40040E0FE /* CSSP.h */ = {isa = PBXFileReference; lastKnownFileType = sourcecode.c.h; path = CSSP.h; sourceTree = "<group>"; };
		15501C0A1A768BB40040E0FE /* CSSP.m */ = {isa = PBXFileReference; lastKnownFileType = sourcecode.c.objc; path = CSSP.m; sourceTree = "<group>"; };
		15501C101A768BB40040E0FE /* CSSPiOSSDKTests.xctest */ = {isa = PBXFileReference; explicitFileType = wrapper.cfbundle; includeInIndex = 0; path = CSSPiOSSDKTests.xctest; sourceTree = BUILT_PRODUCTS_DIR; };
		15501C161A768BB40040E0FE /* Info.plist */ = {isa = PBXFileReference; lastKnownFileType = text.plist.xml; path = Info.plist; sourceTree = "<group>"; };
		157643D71AA94C2B00E307F6 /* CSSPiOSSDKTests-Prefix.pch */ = {isa = PBXFileReference; lastKnownFileType = sourcecode.c.h; path = "CSSPiOSSDKTests-Prefix.pch"; sourceTree = "<group>"; };
		157C30DA1A8AFD90006E75E5 /* cssp-2015-02-09.json */ = {isa = PBXFileReference; fileEncoding = 4; lastKnownFileType = text.json; path = "cssp-2015-02-09.json"; sourceTree = "<group>"; };
		157C30DD1A8AFF1C006E75E5 /* CSSPTest.m */ = {isa = PBXFileReference; fileEncoding = 4; lastKnownFileType = sourcecode.c.objc; path = CSSPTest.m; sourceTree = "<group>"; };
		159B4B681A83BC410064DCB0 /* CSSPURLSessionManager.h */ = {isa = PBXFileReference; fileEncoding = 4; lastKnownFileType = sourcecode.c.h; path = CSSPURLSessionManager.h; sourceTree = "<group>"; };
		159B4B691A83BC410064DCB0 /* CSSPURLSessionManager.m */ = {isa = PBXFileReference; fileEncoding = 4; lastKnownFileType = sourcecode.c.objc; path = CSSPURLSessionManager.m; sourceTree = "<group>"; };
		159B4B6C1A83BD740064DCB0 /* CSSPSynchronizedMutableDictionary.h */ = {isa = PBXFileReference; fileEncoding = 4; lastKnownFileType = sourcecode.c.h; path = CSSPSynchronizedMutableDictionary.h; sourceTree = "<group>"; };
		159B4B6D1A83BD740064DCB0 /* CSSPSynchronizedMutableDictionary.m */ = {isa = PBXFileReference; fileEncoding = 4; lastKnownFileType = sourcecode.c.objc; path = CSSPSynchronizedMutableDictionary.m; sourceTree = "<group>"; };
		15E4348A1A82165800218C8A /* CSSPModule.h */ = {isa = PBXFileReference; fileEncoding = 4; lastKnownFileType = sourcecode.c.h; path = CSSPModule.h; sourceTree = "<group>"; };
		15E4348B1A82165800218C8A /* CSSPModule.m */ = {isa = PBXFileReference; fileEncoding = 4; lastKnownFileType = sourcecode.c.objc; path = CSSPModule.m; sourceTree = "<group>"; };
		15EAD0871A8C51C300D2152B /* Foundation.framework */ = {isa = PBXFileReference; lastKnownFileType = wrapper.framework; name = Foundation.framework; path = System/Library/Frameworks/Foundation.framework; sourceTree = SDKROOT; };
		831C2BCEF358DB7E7B12C810 /* libPods.a */ = {isa = PBXFileReference; explicitFileType = archive.ar; includeInIndex = 0; path = libPods.a; sourceTree = BUILT_PRODUCTS_DIR; };
		F0942B16486258057AC02A7C /* Pods.debug.xcconfig */ = {isa = PBXFileReference; includeInIndex = 1; lastKnownFileType = text.xcconfig; name = Pods.debug.xcconfig; path = "Pods/Target Support Files/Pods/Pods.debug.xcconfig"; sourceTree = "<group>"; };
		FBBCE8A33DB993AAF652F6BF /* Pods.release.xcconfig */ = {isa = PBXFileReference; includeInIndex = 1; lastKnownFileType = text.xcconfig; name = Pods.release.xcconfig; path = "Pods/Target Support Files/Pods/Pods.release.xcconfig"; sourceTree = "<group>"; };
/* End PBXFileReference section */

/* Begin PBXFrameworksBuildPhase section */
		15501C021A768BB40040E0FE /* Frameworks */ = {
			isa = PBXFrameworksBuildPhase;
			buildActionMask = 2147483647;
			files = (
				15EAD0881A8C51C300D2152B /* Foundation.framework in Frameworks */,
				7832B8946256270695B14FF7 /* libPods.a in Frameworks */,
			);
			runOnlyForDeploymentPostprocessing = 0;
		};
		15501C0D1A768BB40040E0FE /* Frameworks */ = {
			isa = PBXFrameworksBuildPhase;
			buildActionMask = 2147483647;
			files = (
				15501C111A768BB40040E0FE /* libCSSPiOSSDK.a in Frameworks */,
			);
			runOnlyForDeploymentPostprocessing = 0;
		};
/* End PBXFrameworksBuildPhase section */

/* Begin PBXGroup section */
		046144DA85B75BA8CEEF359F /* Pods */ = {
			isa = PBXGroup;
			children = (
				F0942B16486258057AC02A7C /* Pods.debug.xcconfig */,
				FBBCE8A33DB993AAF652F6BF /* Pods.release.xcconfig */,
			);
			name = Pods;
			sourceTree = "<group>";
		};
		153620391A835A1200C23D7E /* Networking */ = {
			isa = PBXGroup;
			children = (
				1536203A1A835A4300C23D7E /* CSSPNetworking.h */,
				1536203B1A835A4300C23D7E /* CSSPNetworking.m */,
				159B4B681A83BC410064DCB0 /* CSSPURLSessionManager.h */,
				159B4B691A83BC410064DCB0 /* CSSPURLSessionManager.m */,
			);
			name = Networking;
			sourceTree = "<group>";
		};
		153F79A81AB68188000B9396 /* Bolts */ = {
			isa = PBXGroup;
			children = (
				153F79841AB6817E000B9396 /* BFAppLink_Internal.h */,
				153F79851AB6817E000B9396 /* BFAppLink.h */,
				153F79861AB6817E000B9396 /* BFAppLinkNavigation.h */,
				153F79871AB6817E000B9396 /* BFAppLinkResolving.h */,
				153F79881AB6817E000B9396 /* BFAppLinkReturnToRefererController.h */,
				153F79891AB6817E000B9396 /* BFAppLinkReturnToRefererView_Internal.h */,
				153F798A1AB6817E000B9396 /* BFAppLinkReturnToRefererView.h */,
				153F798B1AB6817E000B9396 /* BFAppLinkTarget.h */,
				153F798C1AB6817E000B9396 /* BFExecutor.h */,
				153F798D1AB6817E000B9396 /* BFMeasurementEvent_Internal.h */,
				153F798E1AB6817E000B9396 /* BFMeasurementEvent.h */,
				153F798F1AB6817E000B9396 /* BFTask.h */,
				153F79901AB6817E000B9396 /* BFTaskCompletionSource.h */,
				153F79911AB6817E000B9396 /* BFURL_Internal.h */,
				153F79921AB6817E000B9396 /* BFURL.h */,
				153F79931AB6817E000B9396 /* BFWebViewAppLinkResolver.h */,
				153F79941AB6817E000B9396 /* Bolts.h */,
				153F79951AB6817E000B9396 /* BoltsVersion.h */,
			);
			name = Bolts;
			sourceTree = "<group>";
		};
		153F79A91AB681B6000B9396 /* Mantle */ = {
			isa = PBXGroup;
			children = (
				153F79AB1AB68288000B9396 /* EXTKeyPathCoding.h */,
				153F79AC1AB68288000B9396 /* EXTRuntimeExtensions.h */,
				153F79AD1AB68288000B9396 /* EXTScope.h */,
				153F79AE1AB68288000B9396 /* Mantle.h */,
				153F79AF1AB68288000B9396 /* metamacros.h */,
				153F79B01AB68288000B9396 /* MTLJSONAdapter.h */,
				153F79B11AB68288000B9396 /* MTLManagedObjectAdapter.h */,
				153F79B21AB68288000B9396 /* MTLModel.h */,
				153F79B31AB68288000B9396 /* MTLModel+NSCoding.h */,
				153F79B41AB68288000B9396 /* MTLReflection.h */,
				153F79B51AB68288000B9396 /* MTLValueTransformer.h */,
				153F79B61AB68288000B9396 /* NSArray+MTLManipulationAdditions.h */,
				153F79B71AB68288000B9396 /* NSDictionary+MTLManipulationAdditions.h */,
				153F79B81AB68288000B9396 /* NSError+MTLModelException.h */,
				153F79B91AB68288000B9396 /* NSObject+MTLComparisonAdditions.h */,
				153F79BA1AB68288000B9396 /* NSValueTransformer+MTLInversionAdditions.h */,
				153F79BB1AB68288000B9396 /* NSValueTransformer+MTLPredefinedTransformerAdditions.h */,
			);
			name = Mantle;
			sourceTree = "<group>";
		};
		153F79AA1AB68248000B9396 /* XMLDictionary */ = {
			isa = PBXGroup;
			children = (
				153F79CD1AB682FC000B9396 /* XMLDictionary.h */,
			);
			name = XMLDictionary;
			sourceTree = "<group>";
		};
		154A32901A85AF900014C99A /* Serialization */ = {
			isa = PBXGroup;
			children = (
				154A32921A85AFBD0014C99A /* CSSPSerialization.h */,
				154A32931A85AFBD0014C99A /* CSSPSerialization.m */,
				154A32951A85BC290014C99A /* CSSPURLRequestSerialization.h */,
				154A32961A85BC290014C99A /* CSSPURLRequestSerialization.m */,
				154A329C1A8606090014C99A /* CSSPURLResponseSerialization.h */,
				154A329D1A8606090014C99A /* CSSPURLResponseSerialization.m */,
			);
			name = Serialization;
			sourceTree = "<group>";
		};
		154A32981A8601DE0014C99A /* XMLWriter */ = {
			isa = PBXGroup;
			children = (
				154A32991A8602020014C99A /* CSSPXMLWriter.h */,
				154A329A1A8602270014C99A /* CSSPXMLWriter.m */,
			);
			name = XMLWriter;
			sourceTree = "<group>";
		};
		154D05041A84B7C300DE3513 /* Authentication */ = {
			isa = PBXGroup;
			children = (
				154D05051A84B8AA00DE3513 /* CSSPCredentialsProvider.h */,
				154D05061A84B8AA00DE3513 /* CSSPCredentialsProvider.m */,
				154D05081A84BA4C00DE3513 /* CSSPSignature.h */,
				154D05091A84BA4C00DE3513 /* CSSPSignature.m */,
			);
			name = Authentication;
			sourceTree = "<group>";
		};
		15501BFC1A768BB40040E0FE = {
			isa = PBXGroup;
			children = (
				153F79AA1AB68248000B9396 /* XMLDictionary */,
				153F79A91AB681B6000B9396 /* Mantle */,
				153F79A81AB68188000B9396 /* Bolts */,
				15501C071A768BB40040E0FE /* CSSPiOSSDK */,
				15501C141A768BB40040E0FE /* CSSPiOSSDKTests */,
				15501C061A768BB40040E0FE /* Products */,
				046144DA85B75BA8CEEF359F /* Pods */,
				903D659F178841379487EFA0 /* Frameworks */,
			);
			sourceTree = "<group>";
		};
		15501C061A768BB40040E0FE /* Products */ = {
			isa = PBXGroup;
			children = (
				15501C051A768BB40040E0FE /* libCSSPiOSSDK.a */,
				15501C101A768BB40040E0FE /* CSSPiOSSDKTests.xctest */,
			);
			name = Products;
			sourceTree = "<group>";
		};
		15501C071A768BB40040E0FE /* CSSPiOSSDK */ = {
			isa = PBXGroup;
			children = (
				157C30DB1A8AFD96006E75E5 /* Resources */,
				15501C081A768BB40040E0FE /* CSSP.h */,
				15501C0A1A768BB40040E0FE /* CSSP.m */,
				15E4348A1A82165800218C8A /* CSSPModule.h */,
				15E4348B1A82165800218C8A /* CSSPModule.m */,
				154D05041A84B7C300DE3513 /* Authentication */,
				153620391A835A1200C23D7E /* Networking */,
				154A32901A85AF900014C99A /* Serialization */,
				159B4B6B1A83BD5E0064DCB0 /* Utility */,
				154A32981A8601DE0014C99A /* XMLWriter */,
			);
			path = CSSPiOSSDK;
			sourceTree = "<group>";
		};
		15501C141A768BB40040E0FE /* CSSPiOSSDKTests */ = {
			isa = PBXGroup;
			children = (
				15501C151A768BB40040E0FE /* Supporting Files */,
				157C30DD1A8AFF1C006E75E5 /* CSSPTest.m */,
			);
			path = CSSPiOSSDKTests;
			sourceTree = "<group>";
		};
		15501C151A768BB40040E0FE /* Supporting Files */ = {
			isa = PBXGroup;
			children = (
				15501C161A768BB40040E0FE /* Info.plist */,
				157643D71AA94C2B00E307F6 /* CSSPiOSSDKTests-Prefix.pch */,
			);
			name = "Supporting Files";
			sourceTree = "<group>";
		};
		157C30DB1A8AFD96006E75E5 /* Resources */ = {
			isa = PBXGroup;
			children = (
				157C30DA1A8AFD90006E75E5 /* cssp-2015-02-09.json */,
			);
			name = Resources;
			sourceTree = "<group>";
		};
		159B4B6B1A83BD5E0064DCB0 /* Utility */ = {
			isa = PBXGroup;
			children = (
				159B4B6C1A83BD740064DCB0 /* CSSPSynchronizedMutableDictionary.h */,
				159B4B6D1A83BD740064DCB0 /* CSSPSynchronizedMutableDictionary.m */,
				154D04FB1A84AECF00DE3513 /* CSSPCategory.h */,
				154D04FC1A84AECF00DE3513 /* CSSPCategory.m */,
				154D04FE1A84B37400DE3513 /* CSSPLogging.h */,
				154D04FF1A84B37400DE3513 /* CSSPLogging.m */,
				154D05011A84B66400DE3513 /* CSSPModel.h */,
				154D05021A84B66400DE3513 /* CSSPModel.m */,
			);
			name = Utility;
			sourceTree = "<group>";
		};
		903D659F178841379487EFA0 /* Frameworks */ = {
			isa = PBXGroup;
			children = (
				15EAD0871A8C51C300D2152B /* Foundation.framework */,
				831C2BCEF358DB7E7B12C810 /* libPods.a */,
			);
			name = Frameworks;
			sourceTree = "<group>";
		};
/* End PBXGroup section */

/* Begin PBXNativeTarget section */
		15501C041A768BB40040E0FE /* CSSPiOSSDK */ = {
			isa = PBXNativeTarget;
			buildConfigurationList = 15501C191A768BB40040E0FE /* Build configuration list for PBXNativeTarget "CSSPiOSSDK" */;
			buildPhases = (
				17859DE6CDBF135BC2BBD152 /* Check Pods Manifest.lock */,
				15501C011A768BB40040E0FE /* Sources */,
				15501C021A768BB40040E0FE /* Frameworks */,
				15501C031A768BB40040E0FE /* CopyFiles */,
				2EC7603FE35FE87B44B3FD0D /* Copy Pods Resources */,
				154478251AB2E1F1003B58BF /* CopyFiles */,
				154478341AB2E284003B58BF /* CopyFiles */,
			);
			buildRules = (
			);
			dependencies = (
			);
			name = CSSPiOSSDK;
			productName = CSSPiOSSDK;
			productReference = 15501C051A768BB40040E0FE /* libCSSPiOSSDK.a */;
			productType = "com.apple.product-type.library.static";
		};
		15501C0F1A768BB40040E0FE /* CSSPiOSSDKTests */ = {
			isa = PBXNativeTarget;
			buildConfigurationList = 15501C1C1A768BB40040E0FE /* Build configuration list for PBXNativeTarget "CSSPiOSSDKTests" */;
			buildPhases = (
				15501C0C1A768BB40040E0FE /* Sources */,
				15501C0D1A768BB40040E0FE /* Frameworks */,
				15501C0E1A768BB40040E0FE /* Resources */,
			);
			buildRules = (
			);
			dependencies = (
				15501C131A768BB40040E0FE /* PBXTargetDependency */,
			);
			name = CSSPiOSSDKTests;
			productName = CSSPiOSSDKTests;
			productReference = 15501C101A768BB40040E0FE /* CSSPiOSSDKTests.xctest */;
			productType = "com.apple.product-type.bundle.unit-test";
		};
/* End PBXNativeTarget section */

/* Begin PBXProject section */
		15501BFD1A768BB40040E0FE /* Project object */ = {
			isa = PBXProject;
			attributes = {
				LastUpgradeCheck = 0610;
				ORGANIZATIONNAME = cssp;
				TargetAttributes = {
					15501C041A768BB40040E0FE = {
						CreatedOnToolsVersion = 6.1.1;
					};
					15501C0F1A768BB40040E0FE = {
						CreatedOnToolsVersion = 6.1.1;
					};
				};
			};
			buildConfigurationList = 15501C001A768BB40040E0FE /* Build configuration list for PBXProject "CSSPiOSSDK" */;
			compatibilityVersion = "Xcode 3.2";
			developmentRegion = English;
			hasScannedForEncodings = 0;
			knownRegions = (
				en,
			);
			mainGroup = 15501BFC1A768BB40040E0FE;
			productRefGroup = 15501C061A768BB40040E0FE /* Products */;
			projectDirPath = "";
			projectRoot = "";
			targets = (
				15501C041A768BB40040E0FE /* CSSPiOSSDK */,
				15501C0F1A768BB40040E0FE /* CSSPiOSSDKTests */,
			);
		};
/* End PBXProject section */

/* Begin PBXResourcesBuildPhase section */
		15501C0E1A768BB40040E0FE /* Resources */ = {
			isa = PBXResourcesBuildPhase;
			buildActionMask = 2147483647;
			files = (
				1526514A1A8DE1980089761C /* cssp-2015-02-09.json in Resources */,
			);
			runOnlyForDeploymentPostprocessing = 0;
		};
/* End PBXResourcesBuildPhase section */

/* Begin PBXShellScriptBuildPhase section */
		17859DE6CDBF135BC2BBD152 /* Check Pods Manifest.lock */ = {
			isa = PBXShellScriptBuildPhase;
			buildActionMask = 2147483647;
			files = (
			);
			inputPaths = (
			);
			name = "Check Pods Manifest.lock";
			outputPaths = (
			);
			runOnlyForDeploymentPostprocessing = 0;
			shellPath = /bin/sh;
			shellScript = "diff \"${PODS_ROOT}/../Podfile.lock\" \"${PODS_ROOT}/Manifest.lock\" > /dev/null\nif [[ $? != 0 ]] ; then\n    cat << EOM\nerror: The sandbox is not in sync with the Podfile.lock. Run 'pod install' or update your CocoaPods installation.\nEOM\n    exit 1\nfi\n";
			showEnvVarsInLog = 0;
		};
		2EC7603FE35FE87B44B3FD0D /* Copy Pods Resources */ = {
			isa = PBXShellScriptBuildPhase;
			buildActionMask = 2147483647;
			files = (
			);
			inputPaths = (
			);
			name = "Copy Pods Resources";
			outputPaths = (
			);
			runOnlyForDeploymentPostprocessing = 0;
			shellPath = /bin/sh;
			shellScript = "\"${SRCROOT}/Pods/Target Support Files/Pods/Pods-resources.sh\"\n";
			showEnvVarsInLog = 0;
		};
/* End PBXShellScriptBuildPhase section */

/* Begin PBXSourcesBuildPhase section */
		15501C011A768BB40040E0FE /* Sources */ = {
			isa = PBXSourcesBuildPhase;
			buildActionMask = 2147483647;
			files = (
				154A329E1A8606090014C99A /* CSSPURLResponseSerialization.m in Sources */,
				154D05071A84B8AA00DE3513 /* CSSPCredentialsProvider.m in Sources */,
				154D05031A84B66400DE3513 /* CSSPModel.m in Sources */,
				154D05001A84B37400DE3513 /* CSSPLogging.m in Sources */,
				1536203C1A835A4300C23D7E /* CSSPNetworking.m in Sources */,
				154D050A1A84BA4C00DE3513 /* CSSPSignature.m in Sources */,
				15E4348C1A82165800218C8A /* CSSPModule.m in Sources */,
				15501C0B1A768BB40040E0FE /* CSSP.m in Sources */,
				154D04FD1A84AECF00DE3513 /* CSSPCategory.m in Sources */,
				159B4B6E1A83BD740064DCB0 /* CSSPSynchronizedMutableDictionary.m in Sources */,
				159B4B6A1A83BC410064DCB0 /* CSSPURLSessionManager.m in Sources */,
				154A32941A85AFBD0014C99A /* CSSPSerialization.m in Sources */,
				154A329B1A8602270014C99A /* CSSPXMLWriter.m in Sources */,
				154A32971A85BC290014C99A /* CSSPURLRequestSerialization.m in Sources */,
			);
			runOnlyForDeploymentPostprocessing = 0;
		};
		15501C0C1A768BB40040E0FE /* Sources */ = {
			isa = PBXSourcesBuildPhase;
			buildActionMask = 2147483647;
			files = (
				15DE7E661A8C8A8400947888 /* CSSPTest.m in Sources */,
			);
			runOnlyForDeploymentPostprocessing = 0;
		};
/* End PBXSourcesBuildPhase section */

/* Begin PBXTargetDependency section */
		15501C131A768BB40040E0FE /* PBXTargetDependency */ = {
			isa = PBXTargetDependency;
			target = 15501C041A768BB40040E0FE /* CSSPiOSSDK */;
			targetProxy = 15501C121A768BB40040E0FE /* PBXContainerItemProxy */;
		};
/* End PBXTargetDependency section */

/* Begin XCBuildConfiguration section */
		15501C171A768BB40040E0FE /* Debug */ = {
			isa = XCBuildConfiguration;
			buildSettings = {
				ALWAYS_SEARCH_USER_PATHS = NO;
				CLANG_CXX_LANGUAGE_STANDARD = "gnu++0x";
				CLANG_CXX_LIBRARY = "libc++";
				CLANG_ENABLE_MODULES = YES;
				CLANG_ENABLE_OBJC_ARC = YES;
				CLANG_WARN_BOOL_CONVERSION = YES;
				CLANG_WARN_CONSTANT_CONVERSION = YES;
				CLANG_WARN_DIRECT_OBJC_ISA_USAGE = YES_ERROR;
				CLANG_WARN_EMPTY_BODY = YES;
				CLANG_WARN_ENUM_CONVERSION = YES;
				CLANG_WARN_INT_CONVERSION = YES;
				CLANG_WARN_OBJC_ROOT_CLASS = YES_ERROR;
				CLANG_WARN_UNREACHABLE_CODE = YES;
				CLANG_WARN__DUPLICATE_METHOD_MATCH = YES;
				COPY_PHASE_STRIP = NO;
				ENABLE_STRICT_OBJC_MSGSEND = YES;
				GCC_C_LANGUAGE_STANDARD = gnu99;
				GCC_DYNAMIC_NO_PIC = NO;
				GCC_OPTIMIZATION_LEVEL = 0;
				GCC_PREPROCESSOR_DEFINITIONS = (
					"DEBUG=1",
					"$(inherited)",
				);
				GCC_SYMBOLS_PRIVATE_EXTERN = NO;
				GCC_WARN_64_TO_32_BIT_CONVERSION = YES;
				GCC_WARN_ABOUT_RETURN_TYPE = YES_ERROR;
				GCC_WARN_UNDECLARED_SELECTOR = YES;
				GCC_WARN_UNINITIALIZED_AUTOS = YES_AGGRESSIVE;
				GCC_WARN_UNUSED_FUNCTION = YES;
				GCC_WARN_UNUSED_VARIABLE = YES;
				IPHONEOS_DEPLOYMENT_TARGET = 8.1;
				MTL_ENABLE_DEBUG_INFO = YES;
				ONLY_ACTIVE_ARCH = YES;
				SDKROOT = iphoneos;
			};
			name = Debug;
		};
		15501C181A768BB40040E0FE /* Release */ = {
			isa = XCBuildConfiguration;
			buildSettings = {
				ALWAYS_SEARCH_USER_PATHS = NO;
				CLANG_CXX_LANGUAGE_STANDARD = "gnu++0x";
				CLANG_CXX_LIBRARY = "libc++";
				CLANG_ENABLE_MODULES = YES;
				CLANG_ENABLE_OBJC_ARC = YES;
				CLANG_WARN_BOOL_CONVERSION = YES;
				CLANG_WARN_CONSTANT_CONVERSION = YES;
				CLANG_WARN_DIRECT_OBJC_ISA_USAGE = YES_ERROR;
				CLANG_WARN_EMPTY_BODY = YES;
				CLANG_WARN_ENUM_CONVERSION = YES;
				CLANG_WARN_INT_CONVERSION = YES;
				CLANG_WARN_OBJC_ROOT_CLASS = YES_ERROR;
				CLANG_WARN_UNREACHABLE_CODE = YES;
				CLANG_WARN__DUPLICATE_METHOD_MATCH = YES;
				COPY_PHASE_STRIP = YES;
				ENABLE_NS_ASSERTIONS = NO;
				ENABLE_STRICT_OBJC_MSGSEND = YES;
				GCC_C_LANGUAGE_STANDARD = gnu99;
				GCC_WARN_64_TO_32_BIT_CONVERSION = YES;
				GCC_WARN_ABOUT_RETURN_TYPE = YES_ERROR;
				GCC_WARN_UNDECLARED_SELECTOR = YES;
				GCC_WARN_UNINITIALIZED_AUTOS = YES_AGGRESSIVE;
				GCC_WARN_UNUSED_FUNCTION = YES;
				GCC_WARN_UNUSED_VARIABLE = YES;
				IPHONEOS_DEPLOYMENT_TARGET = 8.1;
				MTL_ENABLE_DEBUG_INFO = NO;
				SDKROOT = iphoneos;
				VALIDATE_PRODUCT = YES;
			};
			name = Release;
		};
		15501C1A1A768BB40040E0FE /* Debug */ = {
			isa = XCBuildConfiguration;
			baseConfigurationReference = F0942B16486258057AC02A7C /* Pods.debug.xcconfig */;
			buildSettings = {
				DEFINES_MODULE = NO;
				HEADER_SEARCH_PATHS = (
					"\"${PODS_ROOT}/Headers/Public\"",
					"\"${PODS_ROOT}/Headers/Public/Bolts\"",
					"\"${PODS_ROOT}/Headers/Public/Mantle\"",
					"\"${PODS_ROOT}/Headers/Public/XMLDictionary\"",
				);
				IPHONEOS_DEPLOYMENT_TARGET = 7.0;
				OTHER_LDFLAGS = (
					"-ObjC",
					"-l\"Pods-Bolts\"",
					"-l\"Pods-Mantle\"",
					"-l\"Pods-XMLDictionary\"",
					"-framework",
					"\"Foundation\"",
					"-framework",
					"\"Security\"",
					"-framework",
					"\"SystemConfiguration\"",
					"-weak_framework",
					"\"UIKit\"",
				);
				PRODUCT_NAME = "$(TARGET_NAME)";
				SKIP_INSTALL = YES;
			};
			name = Debug;
		};
		15501C1B1A768BB40040E0FE /* Release */ = {
			isa = XCBuildConfiguration;
			baseConfigurationReference = FBBCE8A33DB993AAF652F6BF /* Pods.release.xcconfig */;
			buildSettings = {
				DEFINES_MODULE = NO;
				HEADER_SEARCH_PATHS = (
					"\"${PODS_ROOT}/Headers/Public\"",
					"\"${PODS_ROOT}/Headers/Public/Bolts\"",
					"\"${PODS_ROOT}/Headers/Public/Mantle\"",
					"\"${PODS_ROOT}/Headers/Public/XMLDictionary\"",
				);
				IPHONEOS_DEPLOYMENT_TARGET = 7.0;
				OTHER_LDFLAGS = (
					"-ObjC",
					"-l\"Pods-Bolts\"",
					"-l\"Pods-Mantle\"",
					"-l\"Pods-XMLDictionary\"",
					"-framework",
					"\"Foundation\"",
					"-framework",
					"\"Security\"",
					"-framework",
					"\"SystemConfiguration\"",
					"-weak_framework",
					"\"UIKit\"",
				);
				PRODUCT_NAME = "$(TARGET_NAME)";
				SKIP_INSTALL = YES;
			};
			name = Release;
		};
		15501C1D1A768BB40040E0FE /* Debug */ = {
			isa = XCBuildConfiguration;
			buildSettings = {
				FRAMEWORK_SEARCH_PATHS = (
					"$(SDKROOT)/Developer/Library/Frameworks",
					"$(inherited)",
					"$(DEVELOPER_FRAMEWORKS_DIR)",
				);
				GCC_PRECOMPILE_PREFIX_HEADER = YES;
				GCC_PREFIX_HEADER = "CSSPiOSSDKTests/CSSPiOSSDKTests-Prefix.pch";
				GCC_PREPROCESSOR_DEFINITIONS = (
					"DEBUG=1",
					"$(inherited)",
				);
				HEADER_SEARCH_PATHS = (
					"$(inherited)",
					/Applications/Xcode.app/Contents/Developer/Toolchains/XcodeDefault.xctoolchain/usr/include,
					"${SRCROOT}/Pods/Headers/**",
				);
				INFOPLIST_FILE = CSSPiOSSDKTests/Info.plist;
				LD_RUNPATH_SEARCH_PATHS = "$(inherited) @executable_path/Frameworks @loader_path/Frameworks";
				LIBRARY_SEARCH_PATHS = (
					"$(inherited)",
					"$(PROJECT_DIR)/Pods/build/Debug-iphoneos",
				);
				OTHER_LDFLAGS = (
					"$(inherited)",
					"-framework",
					XCTest,
					"-ObjC",
				);
				PRODUCT_NAME = "$(TARGET_NAME)";
			};
			name = Debug;
		};
		15501C1E1A768BB40040E0FE /* Release */ = {
			isa = XCBuildConfiguration;
			buildSettings = {
				FRAMEWORK_SEARCH_PATHS = (
					"$(SDKROOT)/Developer/Library/Frameworks",
					"$(inherited)",
					"$(DEVELOPER_FRAMEWORKS_DIR)",
				);
				GCC_PRECOMPILE_PREFIX_HEADER = YES;
				GCC_PREFIX_HEADER = "CSSPiOSSDKTests/CSSPiOSSDKTests-Prefix.pch";
				HEADER_SEARCH_PATHS = (
					"$(inherited)",
					/Applications/Xcode.app/Contents/Developer/Toolchains/XcodeDefault.xctoolchain/usr/include,
					"${SRCROOT}/Pods/Headers/**",
				);
				INFOPLIST_FILE = CSSPiOSSDKTests/Info.plist;
				LD_RUNPATH_SEARCH_PATHS = "$(inherited) @executable_path/Frameworks @loader_path/Frameworks";
				LIBRARY_SEARCH_PATHS = (
					"$(inherited)",
					"$(PROJECT_DIR)/Pods/build/Debug-iphoneos",
				);
				OTHER_LDFLAGS = (
					"$(inherited)",
					"-framework",
					XCTest,
					"-ObjC",
				);
				PRODUCT_NAME = "$(TARGET_NAME)";
			};
			name = Release;
		};
/* End XCBuildConfiguration section */

/* Begin XCConfigurationList section */
		15501C001A768BB40040E0FE /* Build configuration list for PBXProject "CSSPiOSSDK" */ = {
			isa = XCConfigurationList;
			buildConfigurations = (
				15501C171A768BB40040E0FE /* Debug */,
				15501C181A768BB40040E0FE /* Release */,
			);
			defaultConfigurationIsVisible = 0;
			defaultConfigurationName = Release;
		};
		15501C191A768BB40040E0FE /* Build configuration list for PBXNativeTarget "CSSPiOSSDK" */ = {
			isa = XCConfigurationList;
			buildConfigurations = (
				15501C1A1A768BB40040E0FE /* Debug */,
				15501C1B1A768BB40040E0FE /* Release */,
			);
			defaultConfigurationIsVisible = 0;
			defaultConfigurationName = Release;
		};
		15501C1C1A768BB40040E0FE /* Build configuration list for PBXNativeTarget "CSSPiOSSDKTests" */ = {
			isa = XCConfigurationList;
			buildConfigurations = (
				15501C1D1A768BB40040E0FE /* Debug */,
				15501C1E1A768BB40040E0FE /* Release */,
			);
			defaultConfigurationIsVisible = 0;
			defaultConfigurationName = Release;
		};
/* End XCConfigurationList section */
	};
	rootObject = 15501BFD1A768BB40040E0FE /* Project object */;
}
