// !$*UTF8*$!
{
	archiveVersion = 1;
	classes = {
	};
	objectVersion = 46;
	objects = {

/* Begin PBXBuildFile section */
		15501C091A768BB40040E0FE /* CSSPiOSSDK.h in CopyFiles */ = {isa = PBXBuildFile; fileRef = 15501C081A768BB40040E0FE /* CSSPiOSSDK.h */; };
		15501C0B1A768BB40040E0FE /* CSSPiOSSDK.m in Sources */ = {isa = PBXBuildFile; fileRef = 15501C0A1A768BB40040E0FE /* CSSPiOSSDK.m */; };
		15501C111A768BB40040E0FE /* libCSSPiOSSDK.a in Frameworks */ = {isa = PBXBuildFile; fileRef = 15501C051A768BB40040E0FE /* libCSSPiOSSDK.a */; };
		15DADEC51A7771BD00DA7385 /* CSSPRequestSerialization.m in Sources */ = {isa = PBXBuildFile; fileRef = 15DADEC41A7771BD00DA7385 /* CSSPRequestSerialization.m */; };
		7832B8946256270695B14FF7 /* libPods.a in Frameworks */ = {isa = PBXBuildFile; fileRef = 831C2BCEF358DB7E7B12C810 /* libPods.a */; };
/* End PBXBuildFile section */

/* Begin PBXContainerItemProxy section */
		15501C121A768BB40040E0FE /* PBXContainerItemProxy */ = {
			isa = PBXContainerItemProxy;
			containerPortal = 15501BFD1A768BB40040E0FE /* Project object */;
			proxyType = 1;
			remoteGlobalIDString = 15501C041A768BB40040E0FE;
			remoteInfo = CSSPiOSSDK;
		};
/* End PBXContainerItemProxy section */

/* Begin PBXCopyFilesBuildPhase section */
		15501C031A768BB40040E0FE /* CopyFiles */ = {
			isa = PBXCopyFilesBuildPhase;
			buildActionMask = 2147483647;
			dstPath = "include/$(PRODUCT_NAME)";
			dstSubfolderSpec = 16;
			files = (
				15501C091A768BB40040E0FE /* CSSPiOSSDK.h in CopyFiles */,
			);
			runOnlyForDeploymentPostprocessing = 0;
		};
/* End PBXCopyFilesBuildPhase section */

/* Begin PBXFileReference section */
		15501C051A768BB40040E0FE /* libCSSPiOSSDK.a */ = {isa = PBXFileReference; explicitFileType = archive.ar; includeInIndex = 0; path = libCSSPiOSSDK.a; sourceTree = BUILT_PRODUCTS_DIR; };
		15501C081A768BB40040E0FE /* CSSPiOSSDK.h */ = {isa = PBXFileReference; lastKnownFileType = sourcecode.c.h; path = CSSPiOSSDK.h; sourceTree = "<group>"; };
		15501C0A1A768BB40040E0FE /* CSSPiOSSDK.m */ = {isa = PBXFileReference; lastKnownFileType = sourcecode.c.objc; path = CSSPiOSSDK.m; sourceTree = "<group>"; };
		15501C101A768BB40040E0FE /* CSSPiOSSDKTests.xctest */ = {isa = PBXFileReference; explicitFileType = wrapper.cfbundle; includeInIndex = 0; path = CSSPiOSSDKTests.xctest; sourceTree = BUILT_PRODUCTS_DIR; };
		15501C161A768BB40040E0FE /* Info.plist */ = {isa = PBXFileReference; lastKnownFileType = text.plist.xml; path = Info.plist; sourceTree = "<group>"; };
		15501C1F1A768BE90040E0FE /* Podfile */ = {isa = PBXFileReference; fileEncoding = 4; lastKnownFileType = text; path = Podfile; sourceTree = "<group>"; xcLanguageSpecificationIdentifier = xcode.lang.ruby; };
		15DADEC31A7771BD00DA7385 /* CSSPRequestSerialization.h */ = {isa = PBXFileReference; fileEncoding = 4; lastKnownFileType = sourcecode.c.h; path = CSSPRequestSerialization.h; sourceTree = "<group>"; };
		15DADEC41A7771BD00DA7385 /* CSSPRequestSerialization.m */ = {isa = PBXFileReference; fileEncoding = 4; lastKnownFileType = sourcecode.c.objc; path = CSSPRequestSerialization.m; sourceTree = "<group>"; };
		831C2BCEF358DB7E7B12C810 /* libPods.a */ = {isa = PBXFileReference; explicitFileType = archive.ar; includeInIndex = 0; path = libPods.a; sourceTree = BUILT_PRODUCTS_DIR; };
		F0942B16486258057AC02A7C /* Pods.debug.xcconfig */ = {isa = PBXFileReference; includeInIndex = 1; lastKnownFileType = text.xcconfig; name = Pods.debug.xcconfig; path = "Pods/Target Support Files/Pods/Pods.debug.xcconfig"; sourceTree = "<group>"; };
		FBBCE8A33DB993AAF652F6BF /* Pods.release.xcconfig */ = {isa = PBXFileReference; includeInIndex = 1; lastKnownFileType = text.xcconfig; name = Pods.release.xcconfig; path = "Pods/Target Support Files/Pods/Pods.release.xcconfig"; sourceTree = "<group>"; };
/* End PBXFileReference section */

/* Begin PBXFrameworksBuildPhase section */
		15501C021A768BB40040E0FE /* Frameworks */ = {
			isa = PBXFrameworksBuildPhase;
			buildActionMask = 2147483647;
			files = (
				7832B8946256270695B14FF7 /* libPods.a in Frameworks */,
			);
			runOnlyForDeploymentPostprocessing = 0;
		};
		15501C0D1A768BB40040E0FE /* Frameworks */ = {
			isa = PBXFrameworksBuildPhase;
			buildActionMask = 2147483647;
			files = (
				15501C111A768BB40040E0FE /* libCSSPiOSSDK.a in Frameworks */,
			);
			runOnlyForDeploymentPostprocessing = 0;
		};
/* End PBXFrameworksBuildPhase section */

/* Begin PBXGroup section */
		046144DA85B75BA8CEEF359F /* Pods */ = {
			isa = PBXGroup;
			children = (
				F0942B16486258057AC02A7C /* Pods.debug.xcconfig */,
				FBBCE8A33DB993AAF652F6BF /* Pods.release.xcconfig */,
			);
			name = Pods;
			sourceTree = "<group>";
		};
		15501BFC1A768BB40040E0FE = {
			isa = PBXGroup;
			children = (
				15501C1F1A768BE90040E0FE /* Podfile */,
				15501C071A768BB40040E0FE /* CSSPiOSSDK */,
				15501C141A768BB40040E0FE /* CSSPiOSSDKTests */,
				15501C061A768BB40040E0FE /* Products */,
				046144DA85B75BA8CEEF359F /* Pods */,
				903D659F178841379487EFA0 /* Frameworks */,
			);
			sourceTree = "<group>";
		};
		15501C061A768BB40040E0FE /* Products */ = {
			isa = PBXGroup;
			children = (
				15501C051A768BB40040E0FE /* libCSSPiOSSDK.a */,
				15501C101A768BB40040E0FE /* CSSPiOSSDKTests.xctest */,
			);
			name = Products;
			sourceTree = "<group>";
		};
		15501C071A768BB40040E0FE /* CSSPiOSSDK */ = {
			isa = PBXGroup;
			children = (
				15501C081A768BB40040E0FE /* CSSPiOSSDK.h */,
				15501C0A1A768BB40040E0FE /* CSSPiOSSDK.m */,
				15DADEC31A7771BD00DA7385 /* CSSPRequestSerialization.h */,
				15DADEC41A7771BD00DA7385 /* CSSPRequestSerialization.m */,
			);
			path = CSSPiOSSDK;
			sourceTree = "<group>";
		};
		15501C141A768BB40040E0FE /* CSSPiOSSDKTests */ = {
			isa = PBXGroup;
			children = (
				15501C151A768BB40040E0FE /* Supporting Files */,
			);
			path = CSSPiOSSDKTests;
			sourceTree = "<group>";
		};
		15501C151A768BB40040E0FE /* Supporting Files */ = {
			isa = PBXGroup;
			children = (
				15501C161A768BB40040E0FE /* Info.plist */,
			);
			name = "Supporting Files";
			sourceTree = "<group>";
		};
		903D659F178841379487EFA0 /* Frameworks */ = {
			isa = PBXGroup;
			children = (
				831C2BCEF358DB7E7B12C810 /* libPods.a */,
			);
			name = Frameworks;
			sourceTree = "<group>";
		};
/* End PBXGroup section */

/* Begin PBXNativeTarget section */
		15501C041A768BB40040E0FE /* CSSPiOSSDK */ = {
			isa = PBXNativeTarget;
			buildConfigurationList = 15501C191A768BB40040E0FE /* Build configuration list for PBXNativeTarget "CSSPiOSSDK" */;
			buildPhases = (
				17859DE6CDBF135BC2BBD152 /* Check Pods Manifest.lock */,
				15501C011A768BB40040E0FE /* Sources */,
				15501C021A768BB40040E0FE /* Frameworks */,
				15501C031A768BB40040E0FE /* CopyFiles */,
				2EC7603FE35FE87B44B3FD0D /* Copy Pods Resources */,
			);
			buildRules = (
			);
			dependencies = (
			);
			name = CSSPiOSSDK;
			productName = CSSPiOSSDK;
			productReference = 15501C051A768BB40040E0FE /* libCSSPiOSSDK.a */;
			productType = "com.apple.product-type.library.static";
		};
		15501C0F1A768BB40040E0FE /* CSSPiOSSDKTests */ = {
			isa = PBXNativeTarget;
			buildConfigurationList = 15501C1C1A768BB40040E0FE /* Build configuration list for PBXNativeTarget "CSSPiOSSDKTests" */;
			buildPhases = (
				15501C0C1A768BB40040E0FE /* Sources */,
				15501C0D1A768BB40040E0FE /* Frameworks */,
				15501C0E1A768BB40040E0FE /* Resources */,
			);
			buildRules = (
			);
			dependencies = (
				15501C131A768BB40040E0FE /* PBXTargetDependency */,
			);
			name = CSSPiOSSDKTests;
			productName = CSSPiOSSDKTests;
			productReference = 15501C101A768BB40040E0FE /* CSSPiOSSDKTests.xctest */;
			productType = "com.apple.product-type.bundle.unit-test";
		};
/* End PBXNativeTarget section */

/* Begin PBXProject section */
		15501BFD1A768BB40040E0FE /* Project object */ = {
			isa = PBXProject;
			attributes = {
				LastUpgradeCheck = 0610;
				ORGANIZATIONNAME = cssp;
				TargetAttributes = {
					15501C041A768BB40040E0FE = {
						CreatedOnToolsVersion = 6.1.1;
					};
					15501C0F1A768BB40040E0FE = {
						CreatedOnToolsVersion = 6.1.1;
					};
				};
			};
			buildConfigurationList = 15501C001A768BB40040E0FE /* Build configuration list for PBXProject "CSSPiOSSDK" */;
			compatibilityVersion = "Xcode 3.2";
			developmentRegion = English;
			hasScannedForEncodings = 0;
			knownRegions = (
				en,
			);
			mainGroup = 15501BFC1A768BB40040E0FE;
			productRefGroup = 15501C061A768BB40040E0FE /* Products */;
			projectDirPath = "";
			projectRoot = "";
			targets = (
				15501C041A768BB40040E0FE /* CSSPiOSSDK */,
				15501C0F1A768BB40040E0FE /* CSSPiOSSDKTests */,
			);
		};
/* End PBXProject section */

/* Begin PBXResourcesBuildPhase section */
		15501C0E1A768BB40040E0FE /* Resources */ = {
			isa = PBXResourcesBuildPhase;
			buildActionMask = 2147483647;
			files = (
			);
			runOnlyForDeploymentPostprocessing = 0;
		};
/* End PBXResourcesBuildPhase section */

/* Begin PBXShellScriptBuildPhase section */
		17859DE6CDBF135BC2BBD152 /* Check Pods Manifest.lock */ = {
			isa = PBXShellScriptBuildPhase;
			buildActionMask = 2147483647;
			files = (
			);
			inputPaths = (
			);
			name = "Check Pods Manifest.lock";
			outputPaths = (
			);
			runOnlyForDeploymentPostprocessing = 0;
			shellPath = /bin/sh;
			shellScript = "diff \"${PODS_ROOT}/../Podfile.lock\" \"${PODS_ROOT}/Manifest.lock\" > /dev/null\nif [[ $? != 0 ]] ; then\n    cat << EOM\nerror: The sandbox is not in sync with the Podfile.lock. Run 'pod install' or update your CocoaPods installation.\nEOM\n    exit 1\nfi\n";
			showEnvVarsInLog = 0;
		};
		2EC7603FE35FE87B44B3FD0D /* Copy Pods Resources */ = {
			isa = PBXShellScriptBuildPhase;
			buildActionMask = 2147483647;
			files = (
			);
			inputPaths = (
			);
			name = "Copy Pods Resources";
			outputPaths = (
			);
			runOnlyForDeploymentPostprocessing = 0;
			shellPath = /bin/sh;
			shellScript = "\"${SRCROOT}/Pods/Target Support Files/Pods/Pods-resources.sh\"\n";
			showEnvVarsInLog = 0;
		};
/* End PBXShellScriptBuildPhase section */

/* Begin PBXSourcesBuildPhase section */
		15501C011A768BB40040E0FE /* Sources */ = {
			isa = PBXSourcesBuildPhase;
			buildActionMask = 2147483647;
			files = (
				15501C0B1A768BB40040E0FE /* CSSPiOSSDK.m in Sources */,
				15DADEC51A7771BD00DA7385 /* CSSPRequestSerialization.m in Sources */,
			);
			runOnlyForDeploymentPostprocessing = 0;
		};
		15501C0C1A768BB40040E0FE /* Sources */ = {
			isa = PBXSourcesBuildPhase;
			buildActionMask = 2147483647;
			files = (
			);
			runOnlyForDeploymentPostprocessing = 0;
		};
/* End PBXSourcesBuildPhase section */

/* Begin PBXTargetDependency section */
		15501C131A768BB40040E0FE /* PBXTargetDependency */ = {
			isa = PBXTargetDependency;
			target = 15501C041A768BB40040E0FE /* CSSPiOSSDK */;
			targetProxy = 15501C121A768BB40040E0FE /* PBXContainerItemProxy */;
		};
/* End PBXTargetDependency section */

/* Begin XCBuildConfiguration section */
		15501C171A768BB40040E0FE /* Debug */ = {
			isa = XCBuildConfiguration;
			buildSettings = {
				ALWAYS_SEARCH_USER_PATHS = NO;
				CLANG_CXX_LANGUAGE_STANDARD = "gnu++0x";
				CLANG_CXX_LIBRARY = "libc++";
				CLANG_ENABLE_MODULES = YES;
				CLANG_ENABLE_OBJC_ARC = YES;
				CLANG_WARN_BOOL_CONVERSION = YES;
				CLANG_WARN_CONSTANT_CONVERSION = YES;
				CLANG_WARN_DIRECT_OBJC_ISA_USAGE = YES_ERROR;
				CLANG_WARN_EMPTY_BODY = YES;
				CLANG_WARN_ENUM_CONVERSION = YES;
				CLANG_WARN_INT_CONVERSION = YES;
				CLANG_WARN_OBJC_ROOT_CLASS = YES_ERROR;
				CLANG_WARN_UNREACHABLE_CODE = YES;
				CLANG_WARN__DUPLICATE_METHOD_MATCH = YES;
				COPY_PHASE_STRIP = NO;
				ENABLE_STRICT_OBJC_MSGSEND = YES;
				GCC_C_LANGUAGE_STANDARD = gnu99;
				GCC_DYNAMIC_NO_PIC = NO;
				GCC_OPTIMIZATION_LEVEL = 0;
				GCC_PREPROCESSOR_DEFINITIONS = (
					"DEBUG=1",
					"$(inherited)",
				);
				GCC_SYMBOLS_PRIVATE_EXTERN = NO;
				GCC_WARN_64_TO_32_BIT_CONVERSION = YES;
				GCC_WARN_ABOUT_RETURN_TYPE = YES_ERROR;
				GCC_WARN_UNDECLARED_SELECTOR = YES;
				GCC_WARN_UNINITIALIZED_AUTOS = YES_AGGRESSIVE;
				GCC_WARN_UNUSED_FUNCTION = YES;
				GCC_WARN_UNUSED_VARIABLE = YES;
				IPHONEOS_DEPLOYMENT_TARGET = 8.1;
				MTL_ENABLE_DEBUG_INFO = YES;
				ONLY_ACTIVE_ARCH = YES;
				SDKROOT = iphoneos;
			};
			name = Debug;
		};
		15501C181A768BB40040E0FE /* Release */ = {
			isa = XCBuildConfiguration;
			buildSettings = {
				ALWAYS_SEARCH_USER_PATHS = NO;
				CLANG_CXX_LANGUAGE_STANDARD = "gnu++0x";
				CLANG_CXX_LIBRARY = "libc++";
				CLANG_ENABLE_MODULES = YES;
				CLANG_ENABLE_OBJC_ARC = YES;
				CLANG_WARN_BOOL_CONVERSION = YES;
				CLANG_WARN_CONSTANT_CONVERSION = YES;
				CLANG_WARN_DIRECT_OBJC_ISA_USAGE = YES_ERROR;
				CLANG_WARN_EMPTY_BODY = YES;
				CLANG_WARN_ENUM_CONVERSION = YES;
				CLANG_WARN_INT_CONVERSION = YES;
				CLANG_WARN_OBJC_ROOT_CLASS = YES_ERROR;
				CLANG_WARN_UNREACHABLE_CODE = YES;
				CLANG_WARN__DUPLICATE_METHOD_MATCH = YES;
				COPY_PHASE_STRIP = YES;
				ENABLE_NS_ASSERTIONS = NO;
				ENABLE_STRICT_OBJC_MSGSEND = YES;
				GCC_C_LANGUAGE_STANDARD = gnu99;
				GCC_WARN_64_TO_32_BIT_CONVERSION = YES;
				GCC_WARN_ABOUT_RETURN_TYPE = YES_ERROR;
				GCC_WARN_UNDECLARED_SELECTOR = YES;
				GCC_WARN_UNINITIALIZED_AUTOS = YES_AGGRESSIVE;
				GCC_WARN_UNUSED_FUNCTION = YES;
				GCC_WARN_UNUSED_VARIABLE = YES;
				IPHONEOS_DEPLOYMENT_TARGET = 8.1;
				MTL_ENABLE_DEBUG_INFO = NO;
				SDKROOT = iphoneos;
				VALIDATE_PRODUCT = YES;
			};
			name = Release;
		};
		15501C1A1A768BB40040E0FE /* Debug */ = {
			isa = XCBuildConfiguration;
			baseConfigurationReference = F0942B16486258057AC02A7C /* Pods.debug.xcconfig */;
			buildSettings = {
				OTHER_LDFLAGS = "-ObjC";
				PRODUCT_NAME = "$(TARGET_NAME)";
				SKIP_INSTALL = YES;
			};
			name = Debug;
		};
		15501C1B1A768BB40040E0FE /* Release */ = {
			isa = XCBuildConfiguration;
			baseConfigurationReference = FBBCE8A33DB993AAF652F6BF /* Pods.release.xcconfig */;
			buildSettings = {
				OTHER_LDFLAGS = "-ObjC";
				PRODUCT_NAME = "$(TARGET_NAME)";
				SKIP_INSTALL = YES;
			};
			name = Release;
		};
		15501C1D1A768BB40040E0FE /* Debug */ = {
			isa = XCBuildConfiguration;
			buildSettings = {
				FRAMEWORK_SEARCH_PATHS = (
					"$(SDKROOT)/Developer/Library/Frameworks",
					"$(inherited)",
				);
				GCC_PREPROCESSOR_DEFINITIONS = (
					"DEBUG=1",
					"$(inherited)",
				);
				INFOPLIST_FILE = CSSPiOSSDKTests/Info.plist;
				LD_RUNPATH_SEARCH_PATHS = "$(inherited) @executable_path/Frameworks @loader_path/Frameworks";
				PRODUCT_NAME = "$(TARGET_NAME)";
			};
			name = Debug;
		};
		15501C1E1A768BB40040E0FE /* Release */ = {
			isa = XCBuildConfiguration;
			buildSettings = {
				FRAMEWORK_SEARCH_PATHS = (
					"$(SDKROOT)/Developer/Library/Frameworks",
					"$(inherited)",
				);
				INFOPLIST_FILE = CSSPiOSSDKTests/Info.plist;
				LD_RUNPATH_SEARCH_PATHS = "$(inherited) @executable_path/Frameworks @loader_path/Frameworks";
				PRODUCT_NAME = "$(TARGET_NAME)";
			};
			name = Release;
		};
/* End XCBuildConfiguration section */

/* Begin XCConfigurationList section */
		15501C001A768BB40040E0FE /* Build configuration list for PBXProject "CSSPiOSSDK" */ = {
			isa = XCConfigurationList;
			buildConfigurations = (
				15501C171A768BB40040E0FE /* Debug */,
				15501C181A768BB40040E0FE /* Release */,
			);
			defaultConfigurationIsVisible = 0;
			defaultConfigurationName = Release;
		};
		15501C191A768BB40040E0FE /* Build configuration list for PBXNativeTarget "CSSPiOSSDK" */ = {
			isa = XCConfigurationList;
			buildConfigurations = (
				15501C1A1A768BB40040E0FE /* Debug */,
				15501C1B1A768BB40040E0FE /* Release */,
			);
			defaultConfigurationIsVisible = 0;
			defaultConfigurationName = Release;
		};
		15501C1C1A768BB40040E0FE /* Build configuration list for PBXNativeTarget "CSSPiOSSDKTests" */ = {
			isa = XCConfigurationList;
			buildConfigurations = (
				15501C1D1A768BB40040E0FE /* Debug */,
				15501C1E1A768BB40040E0FE /* Release */,
			);
			defaultConfigurationIsVisible = 0;
			defaultConfigurationName = Release;
		};
/* End XCConfigurationList section */
	};
	rootObject = 15501BFD1A768BB40040E0FE /* Project object */;
}
